
Microsoft Visual Studio Solution File, Format Version 12.00
Project("{FAE04EC0-301F-11D3-BF4B-00C04F79EFBC}") = "TestProject1", "TestProject1\TestProject1.csproj", "{DD488D56-6F93-499C-B7C9-A2551F178FC4}"
EndProject
Project("{FAE04EC0-301F-11D3-BF4B-00C04F79EFBC}") = "ClassLibrary1", "ClassLibrary1\ClassLibrary1.csproj", "{54C20E74-FD5B-423B-B770-8BA11B7E07B8}"
EndProject
Global
	GlobalSection(SolutionConfigurationPlatforms) = preSolution
		Debug|Any CPU = Debug|Any CPU
		Debug|x64 = Debug|x64
		Debug|x86 = Debug|x86
		Release|Any CPU = Release|Any CPU
		Release|x64 = Release|x64
		Release|x86 = Release|x86
	EndGlobalSection
	GlobalSection(ProjectConfigurationPlatforms) = postSolution
		{DD488D56-6F93-499C-B7C9-A2551F178FC4}.Debug|Any CPU.ActiveCfg = Debug|Any CPU
		{DD488D56-6F93-499C-B7C9-A2551F178FC4}.Debug|Any CPU.Build.0 = Debug|Any CPU
		{DD488D56-6F93-499C-B7C9-A2551F178FC4}.Debug|x64.ActiveCfg = Debug|Any CPU
		{DD488D56-6F93-499C-B7C9-A2551F178FC4}.Debug|x64.Build.0 = Debug|Any CPU
		{DD488D56-6F93-499C-B7C9-A2551F178FC4}.Debug|x86.ActiveCfg = Debug|Any CPU
		{DD488D56-6F93-499C-B7C9-A2551F178FC4}.Debug|x86.Build.0 = Debug|Any CPU
		{DD488D56-6F93-499C-B7C9-A2551F178FC4}.Release|Any CPU.ActiveCfg = Release|Any CPU
		{DD488D56-6F93-499C-B7C9-A2551F178FC4}.Release|Any CPU.Build.0 = Release|Any CPU
		{DD488D56-6F93-499C-B7C9-A2551F178FC4}.Release|x64.ActiveCfg = Release|Any CPU
		{DD488D56-6F93-499C-B7C9-A2551F178FC4}.Release|x64.Build.0 = Release|Any CPU
		{DD488D56-6F93-499C-B7C9-A2551F178FC4}.Release|x86.ActiveCfg = Release|Any CPU
		{DD488D56-6F93-499C-B7C9-A2551F178FC4}.Release|x86.Build.0 = Release|Any CPU
		{54C20E74-FD5B-423B-B770-8BA11B7E07B8}.Debug|Any CPU.ActiveCfg = Debug|Any CPU
		{54C20E74-FD5B-423B-B770-8BA11B7E07B8}.Debug|Any CPU.Build.0 = Debug|Any CPU
		{54C20E74-FD5B-423B-B770-8BA11B7E07B8}.Debug|x64.ActiveCfg = Debug|Any CPU
		{54C20E74-FD5B-423B-B770-8BA11B7E07B8}.Debug|x64.Build.0 = Debug|Any CPU
		{54C20E74-FD5B-423B-B770-8BA11B7E07B8}.Debug|x86.ActiveCfg = Debug|Any CPU
		{54C20E74-FD5B-423B-B770-8BA11B7E07B8}.Debug|x86.Build.0 = Debug|Any CPU
		{54C20E74-FD5B-423B-B770-8BA11B7E07B8}.Release|Any CPU.ActiveCfg = Release|Any CPU
		{54C20E74-FD5B-423B-B770-8BA11B7E07B8}.Release|Any CPU.Build.0 = Release|Any CPU
		{54C20E74-FD5B-423B-B770-8BA11B7E07B8}.Release|x64.ActiveCfg = Release|Any CPU
		{54C20E74-FD5B-423B-B770-8BA11B7E07B8}.Release|x64.Build.0 = Release|Any CPU
		{54C20E74-FD5B-423B-B770-8BA11B7E07B8}.Release|x86.ActiveCfg = Release|Any CPU
		{54C20E74-FD5B-423B-B770-8BA11B7E07B8}.Release|x86.Build.0 = Release|Any CPU
	EndGlobalSection
	GlobalSection(SolutionProperties) = preSolution
		HideSolutionNode = FALSE
	EndGlobalSection
EndGlobal
